
Microsoft Visual Studio Solution File, Format Version 12.00
# Visual Studio Version 17
VisualStudioVersion = 17.5.33424.131
MinimumVisualStudioVersion = 10.0.40219.1
Project("{9A19103F-16F7-4668-BE54-9A1E7A4F7556}") = "BookingHandlerService", "BookingHandlerService.csproj", "{119C0FD2-A290-4E90-9FC6-22DCF1488BBB}"
EndProject
Global
	GlobalSection(SolutionConfigurationPlatforms) = preSolution
		Debug|Any CPU = Debug|Any CPU
		Release|Any CPU = Release|Any CPU
	EndGlobalSection
	GlobalSection(ProjectConfigurationPlatforms) = postSolution
		{119C0FD2-A290-4E90-9FC6-22DCF1488BBB}.Debug|Any CPU.ActiveCfg = Debug|Any CPU
		{119C0FD2-A290-4E90-9FC6-22DCF1488BBB}.Debug|Any CPU.Build.0 = Debug|Any CPU
		{119C0FD2-A290-4E90-9FC6-22DCF1488BBB}.Release|Any CPU.ActiveCfg = Release|Any CPU
		{119C0FD2-A290-4E90-9FC6-22DCF1488BBB}.Release|Any CPU.Build.0 = Release|Any CPU
	EndGlobalSection
	GlobalSection(SolutionProperties) = preSolution
		HideSolutionNode = FALSE
	EndGlobalSection
	GlobalSection(ExtensibilityGlobals) = postSolution
		SolutionGuid = {927B3C08-CB34-49A2-9A62-85975ECA7A95}
	EndGlobalSection
EndGlobal
